
Microsoft Visual Studio Solution File, Format Version 12.00
# Visual Studio Version 16
VisualStudioVersion = 16.0.29613.14
MinimumVisualStudioVersion = 10.0.40219.1
Project("{9A19103F-16F7-4668-BE54-9A1E7A4F7556}") = "Jobtech.OpenPlatforms.GigPlatformApi.Core", "src\Jobtech.OpenPlatforms.GigPlatformApi.Core\Jobtech.OpenPlatforms.GigPlatformApi.Core.csproj", "{38ACE96D-1B75-4E18-9EE6-47C2D4805AD0}"
EndProject
Project("{9A19103F-16F7-4668-BE54-9A1E7A4F7556}") = "Jobtech.OpenPlatforms.GigPlatformApi.AdminEngine", "src\Jobtech.OpenPlatforms.GigPlatformApi.AdminEngine\Jobtech.OpenPlatforms.GigPlatformApi.AdminEngine.csproj", "{4B0A4C07-D643-4735-805E-F637D549F877}"
EndProject
Project("{9A19103F-16F7-4668-BE54-9A1E7A4F7556}") = "Jobtech.OpenPlatforms.GigPlatformApi.Connectivity", "src\Jobtech.OpenPlatforms.GigPlatformApi.Connectivity\Jobtech.OpenPlatforms.GigPlatformApi.Connectivity.csproj", "{3E73B4B7-198E-49C9-B387-E69D6537FDDE}"
EndProject
Project("{9A19103F-16F7-4668-BE54-9A1E7A4F7556}") = "Jobtech.OpenPlatforms.GigPlatformApi.PlatformEngine", "src\Jobtech.OpenPlatforms.GigPlatformApi.PlatformEngine\Jobtech.OpenPlatforms.GigPlatformApi.PlatformEngine.csproj", "{A7614F75-A302-476D-BCB3-E5C220BE4C28}"
EndProject
Project("{9A19103F-16F7-4668-BE54-9A1E7A4F7556}") = "Jobtech.OpenPlatforms.GigDataCommon.Library", "dependencies\gig-data-common\src\Jobtech.OpenPlatforms.GigDataCommon.Library\Jobtech.OpenPlatforms.GigDataCommon.Library.csproj", "{C79EFF89-BBA1-43CA-90A4-F46006EAA7F9}"
EndProject
Project("{9A19103F-16F7-4668-BE54-9A1E7A4F7556}") = "Jobtech.OpenPlatforms.GigPlatformApi.EventDispatcher", "src\Jobtech.OpenPlatforms.GigPlatformApi.EventDispatcher\Jobtech.OpenPlatforms.GigPlatformApi.EventDispatcher.csproj", "{C88C1B61-D122-418C-AAAE-5485A255821C}"
EndProject
Project("{9A19103F-16F7-4668-BE54-9A1E7A4F7556}") = "Jobtech.OpenPlatforms.GigPlatformApi.GigDataService", "src\Jobtech.OpenPlatforms.GigPlatformApi.GigDataService\Jobtech.OpenPlatforms.GigPlatformApi.GigDataService.csproj", "{D616FE7C-C81A-4CD3-844F-994C01747756}"
EndProject
Project("{9A19103F-16F7-4668-BE54-9A1E7A4F7556}") = "Jobtech.OpenPlatforms.GigPlatformApi.DeveloperPortal", "src\Jobtech.OpenPlatforms.GigPlatformApi.DeveloperPortal\Jobtech.OpenPlatforms.GigPlatformApi.DeveloperPortal.csproj", "{A2940A35-CD51-4463-B7C9-BC0A60722DAC}"
EndProject
Project("{9A19103F-16F7-4668-BE54-9A1E7A4F7556}") = "Jobtech.OpenPlatforms.GigPlatformApi.FileStore", "src\Jobtech.OpenPlatforms.GigPlatformApi.FileStore\Jobtech.OpenPlatforms.GigPlatformApi.FileStore.csproj", "{AE8CBCF7-C2A7-4859-89F1-F38156E3705E}"
EndProject
Project("{FAE04EC0-301F-11D3-BF4B-00C04F79EFBC}") = "Jobtech.OpenPlatforms.GigPlatformApi.Store", "src\Jobtech.OpenPlatforms.GigPlatformApi.Store\Jobtech.OpenPlatforms.GigPlatformApi.Store.csproj", "{10FDE7F7-86F7-4422-A3A7-9D5B0185FE10}"
EndProject
Global
	GlobalSection(SolutionConfigurationPlatforms) = preSolution
		Debug|Any CPU = Debug|Any CPU
		Release|Any CPU = Release|Any CPU
	EndGlobalSection
	GlobalSection(ProjectConfigurationPlatforms) = postSolution
		{38ACE96D-1B75-4E18-9EE6-47C2D4805AD0}.Debug|Any CPU.ActiveCfg = Debug|Any CPU
		{38ACE96D-1B75-4E18-9EE6-47C2D4805AD0}.Debug|Any CPU.Build.0 = Debug|Any CPU
		{38ACE96D-1B75-4E18-9EE6-47C2D4805AD0}.Release|Any CPU.ActiveCfg = Release|Any CPU
		{38ACE96D-1B75-4E18-9EE6-47C2D4805AD0}.Release|Any CPU.Build.0 = Release|Any CPU
		{4B0A4C07-D643-4735-805E-F637D549F877}.Debug|Any CPU.ActiveCfg = Debug|Any CPU
		{4B0A4C07-D643-4735-805E-F637D549F877}.Debug|Any CPU.Build.0 = Debug|Any CPU
		{4B0A4C07-D643-4735-805E-F637D549F877}.Release|Any CPU.ActiveCfg = Release|Any CPU
		{4B0A4C07-D643-4735-805E-F637D549F877}.Release|Any CPU.Build.0 = Release|Any CPU
		{3E73B4B7-198E-49C9-B387-E69D6537FDDE}.Debug|Any CPU.ActiveCfg = Debug|Any CPU
		{3E73B4B7-198E-49C9-B387-E69D6537FDDE}.Debug|Any CPU.Build.0 = Debug|Any CPU
		{3E73B4B7-198E-49C9-B387-E69D6537FDDE}.Release|Any CPU.ActiveCfg = Release|Any CPU
		{3E73B4B7-198E-49C9-B387-E69D6537FDDE}.Release|Any CPU.Build.0 = Release|Any CPU
		{A7614F75-A302-476D-BCB3-E5C220BE4C28}.Debug|Any CPU.ActiveCfg = Debug|Any CPU
		{A7614F75-A302-476D-BCB3-E5C220BE4C28}.Debug|Any CPU.Build.0 = Debug|Any CPU
		{A7614F75-A302-476D-BCB3-E5C220BE4C28}.Release|Any CPU.ActiveCfg = Release|Any CPU
		{A7614F75-A302-476D-BCB3-E5C220BE4C28}.Release|Any CPU.Build.0 = Release|Any CPU
		{C79EFF89-BBA1-43CA-90A4-F46006EAA7F9}.Debug|Any CPU.ActiveCfg = Debug|Any CPU
		{C79EFF89-BBA1-43CA-90A4-F46006EAA7F9}.Debug|Any CPU.Build.0 = Debug|Any CPU
		{C79EFF89-BBA1-43CA-90A4-F46006EAA7F9}.Release|Any CPU.ActiveCfg = Release|Any CPU
		{C79EFF89-BBA1-43CA-90A4-F46006EAA7F9}.Release|Any CPU.Build.0 = Release|Any CPU
		{C88C1B61-D122-418C-AAAE-5485A255821C}.Debug|Any CPU.ActiveCfg = Debug|Any CPU
		{C88C1B61-D122-418C-AAAE-5485A255821C}.Debug|Any CPU.Build.0 = Debug|Any CPU
		{C88C1B61-D122-418C-AAAE-5485A255821C}.Release|Any CPU.ActiveCfg = Release|Any CPU
		{C88C1B61-D122-418C-AAAE-5485A255821C}.Release|Any CPU.Build.0 = Release|Any CPU
		{D616FE7C-C81A-4CD3-844F-994C01747756}.Debug|Any CPU.ActiveCfg = Debug|Any CPU
		{D616FE7C-C81A-4CD3-844F-994C01747756}.Debug|Any CPU.Build.0 = Debug|Any CPU
		{D616FE7C-C81A-4CD3-844F-994C01747756}.Release|Any CPU.ActiveCfg = Release|Any CPU
		{D616FE7C-C81A-4CD3-844F-994C01747756}.Release|Any CPU.Build.0 = Release|Any CPU
		{A2940A35-CD51-4463-B7C9-BC0A60722DAC}.Debug|Any CPU.ActiveCfg = Debug|Any CPU
		{A2940A35-CD51-4463-B7C9-BC0A60722DAC}.Debug|Any CPU.Build.0 = Debug|Any CPU
		{A2940A35-CD51-4463-B7C9-BC0A60722DAC}.Release|Any CPU.ActiveCfg = Release|Any CPU
		{A2940A35-CD51-4463-B7C9-BC0A60722DAC}.Release|Any CPU.Build.0 = Release|Any CPU
		{AE8CBCF7-C2A7-4859-89F1-F38156E3705E}.Debug|Any CPU.ActiveCfg = Debug|Any CPU
		{AE8CBCF7-C2A7-4859-89F1-F38156E3705E}.Debug|Any CPU.Build.0 = Debug|Any CPU
		{AE8CBCF7-C2A7-4859-89F1-F38156E3705E}.Release|Any CPU.ActiveCfg = Release|Any CPU
		{AE8CBCF7-C2A7-4859-89F1-F38156E3705E}.Release|Any CPU.Build.0 = Release|Any CPU
		{10FDE7F7-86F7-4422-A3A7-9D5B0185FE10}.Debug|Any CPU.ActiveCfg = Debug|Any CPU
		{10FDE7F7-86F7-4422-A3A7-9D5B0185FE10}.Debug|Any CPU.Build.0 = Debug|Any CPU
		{10FDE7F7-86F7-4422-A3A7-9D5B0185FE10}.Release|Any CPU.ActiveCfg = Release|Any CPU
		{10FDE7F7-86F7-4422-A3A7-9D5B0185FE10}.Release|Any CPU.Build.0 = Release|Any CPU
	EndGlobalSection
	GlobalSection(SolutionProperties) = preSolution
		HideSolutionNode = FALSE
	EndGlobalSection
	GlobalSection(ExtensibilityGlobals) = postSolution
		SolutionGuid = {2E9D642E-4C37-4E44-A8FB-A326BDDBDF87}
	EndGlobalSection
EndGlobal
